
Microsoft Visual Studio Solution File, Format Version 12.00
# Visual Studio 15
VisualStudioVersion = 15.0.28010.2048
MinimumVisualStudioVersion = 10.0.40219.1
Project("{FAE04EC0-301F-11D3-BF4B-00C04F79EFBC}") = "Reversi", "Reversi.csproj", "{889EFCC6-565B-4D70-9B60-8BD67183763B}"
EndProject
Global
	GlobalSection(SolutionConfigurationPlatforms) = preSolution
		Debug|Any CPU = Debug|Any CPU
		Release|Any CPU = Release|Any CPU
	EndGlobalSection
	GlobalSection(ProjectConfigurationPlatforms) = postSolution
		{889EFCC6-565B-4D70-9B60-8BD67183763B}.Debug|Any CPU.ActiveCfg = Debug|Any CPU
		{889EFCC6-565B-4D70-9B60-8BD67183763B}.Debug|Any CPU.Build.0 = Debug|Any CPU
		{889EFCC6-565B-4D70-9B60-8BD67183763B}.Release|Any CPU.ActiveCfg = Release|Any CPU
		{889EFCC6-565B-4D70-9B60-8BD67183763B}.Release|Any CPU.Build.0 = Release|Any CPU
	EndGlobalSection
	GlobalSection(SolutionProperties) = preSolution
		HideSolutionNode = FALSE
	EndGlobalSection
	GlobalSection(ExtensibilityGlobals) = postSolution
		SolutionGuid = {33E63C24-9D14-4CF5-A462-A413B7989294}
	EndGlobalSection
EndGlobal
